
Microsoft Visual Studio Solution File, Format Version 12.00
# Visual Studio 15
VisualStudioVersion = 15.0.27004.2006
MinimumVisualStudioVersion = 10.0.40219.1
Project("{2150E333-8FDC-42A3-9474-1A3956D46DE8}") = "Tests", "Tests", "{A340B280-C12B-47E7-90B7-89C650F8AAFC}"
EndProject
Project("{2150E333-8FDC-42A3-9474-1A3956D46DE8}") = "Plugins", "Plugins", "{7881B112-7843-4542-B1F7-F99553FB9BB7}"
EndProject
Project("{FAE04EC0-301F-11D3-BF4B-00C04F79EFBC}") = "SmartStore.Services", "Libraries\SmartStore.Services\SmartStore.Services.csproj", "{210541AD-F659-47DA-8763-16F36C5CD2F4}"
EndProject
Project("{FAE04EC0-301F-11D3-BF4B-00C04F79EFBC}") = "SmartStore.Core.Tests", "Tests\SmartStore.Core.Tests\SmartStore.Core.Tests.csproj", "{7A9BDC6A-F880-43D5-9B2A-59C1674CE449}"
EndProject
Project("{FAE04EC0-301F-11D3-BF4B-00C04F79EFBC}") = "SmartStore.Data.Tests", "Tests\SmartStore.Data.Tests\SmartStore.Data.Tests.csproj", "{0D303E2D-0367-4F66-AC03-F1658FBBB24D}"
EndProject
Project("{FAE04EC0-301F-11D3-BF4B-00C04F79EFBC}") = "SmartStore.Services.Tests", "Tests\SmartStore.Services.Tests\SmartStore.Services.Tests.csproj", "{5DCBE5B1-1A02-48E7-9853-5FCEF2A36805}"
EndProject
Project("{FAE04EC0-301F-11D3-BF4B-00C04F79EFBC}") = "SmartStore.Tests", "Tests\SmartStore.Tests\SmartStore.Tests.csproj", "{1D9EB579-3630-468A-BE94-49E7DF4F6E1D}"
EndProject
Project("{FAE04EC0-301F-11D3-BF4B-00C04F79EFBC}") = "SmartStore.Web.MVC.Tests", "Tests\SmartStore.Web.MVC.Tests\SmartStore.Web.MVC.Tests.csproj", "{57718244-1B22-4637-9DBF-F5D8E460FC95}"
EndProject
Project("{FAE04EC0-301F-11D3-BF4B-00C04F79EFBC}") = "SmartStore.Data", "Libraries\SmartStore.Data\SmartStore.Data.csproj", "{CCD7F2C9-6A2C-4CF0-8E89-076B8FC0F144}"
EndProject
Project("{FAE04EC0-301F-11D3-BF4B-00C04F79EFBC}") = "SmartStore.Core", "Libraries\SmartStore.Core\SmartStore.Core.csproj", "{6BDA8332-939F-45B7-A25E-7A797260AE59}"
EndProject
Project("{FAE04EC0-301F-11D3-BF4B-00C04F79EFBC}") = "SmartStore.Web", "Presentation\SmartStore.Web\SmartStore.Web.csproj", "{4F1F649C-1020-45BE-A487-F416D9297FF3}"
EndProject
Project("{FAE04EC0-301F-11D3-BF4B-00C04F79EFBC}") = "SmartStore.Admin", "Presentation\SmartStore.Web\Administration\SmartStore.Admin.csproj", "{152C761A-DD2E-4C1F-AF89-DFB2547A3BCA}"
EndProject
Project("{FAE04EC0-301F-11D3-BF4B-00C04F79EFBC}") = "SmartStore.Web.Framework", "Presentation\SmartStore.Web.Framework\SmartStore.Web.Framework.csproj", "{75FD4163-333C-4DD5-854D-2EF294E45D94}"
EndProject
Project("{2150E333-8FDC-42A3-9474-1A3956D46DE8}") = "Solution Items", "Solution Items", "{E11A41CA-FA9F-4BB7-A35E-F80EE1084232}"
	ProjectSection(SolutionItems) = preProject
		AssemblySharedInfo.cs = AssemblySharedInfo.cs
		AssemblyVersionInfo.cs = AssemblyVersionInfo.cs
	EndProjectSection
EndProject
Project("{2150E333-8FDC-42A3-9474-1A3956D46DE8}") = ".nuget", ".nuget", "{C0A5A9AE-1509-4795-82CD-0BE7D6A17C69}"
	ProjectSection(SolutionItems) = preProject
		.nuget\NuGet.Config = .nuget\NuGet.Config
		.nuget\NuGet.exe = .nuget\NuGet.exe
		.nuget\NuGet.targets = .nuget\NuGet.targets
	EndProjectSection
EndProject
Project("{2150E333-8FDC-42A3-9474-1A3956D46DE8}") = "Tools", "Tools", "{DB17E553-DCB5-4851-A5AB-542C09CAC7CA}"
EndProject
Project("{FAE04EC0-301F-11D3-BF4B-00C04F79EFBC}") = "SmartStore.Packager", "Tools\SmartStore.Packager\SmartStore.Packager.csproj", "{DCC07617-E6EB-4F3C-AAFF-B15CA2B6E07F}"
EndProject
Project("{FAE04EC0-301F-11D3-BF4B-00C04F79EFBC}") = "SmartStore.WebApi.Client", "Tools\SmartStore.WebApi.Client\SmartStore.WebApi.Client.csproj", "{CD28D50C-38C3-4371-80B3-71FE7853D61D}"
EndProject
Project("{FAE04EC0-301F-11D3-BF4B-00C04F79EFBC}") = "SmartStore.DevTools", "Plugins\SmartStore.DevTools\SmartStore.DevTools.csproj", "{542B9C12-E2A1-49BB-9134-0E3484F9D669}"
EndProject
Project("{2150E333-8FDC-42A3-9474-1A3956D46DE8}") = "SmartIT", "SmartIT", "{E62FBC89-1EE8-47DE-94BD-CD5B87FB0E7D}"
EndProject
Project("{FAE04EC0-301F-11D3-BF4B-00C04F79EFBC}") = "SmartIT.Core", "Libraries\SmartIT\SmartIT.Core\SmartIT.Core.csproj", "{09FC3F83-2736-4FF5-8710-B066DEDDC2F2}"
EndProject
Project("{2150E333-8FDC-42A3-9474-1A3956D46DE8}") = "SmartInstructor", "SmartInstructor", "{13D339EE-C122-44F8-A8D9-A5C0E4F92A0F}"
EndProject
Project("{FAE04EC0-301F-11D3-BF4B-00C04F79EFBC}") = "SmartInstructor.Data", "Libraries\SmartIT\SmartInstructor\SmartInstructor.Data\SmartInstructor.Data.csproj", "{A7A8CD51-65BD-42D0-ADCB-626071E0EF58}"
EndProject
Project("{FAE04EC0-301F-11D3-BF4B-00C04F79EFBC}") = "SmartInstructor.Web", "Libraries\SmartIT\SmartInstructor\SmartInstructor.Web\SmartInstructor.Web.csproj", "{6100D3CC-4A27-4543-9DCC-293E547AE25B}"
EndProject
Project("{FAE04EC0-301F-11D3-BF4B-00C04F79EFBC}") = "SmartIT.Services", "Libraries\SmartIT\SmartIT.Services\SmartIT.Services.csproj", "{CBB7BF27-8346-4D95-9389-980F3C248F38}"
EndProject
Project("{FAE04EC0-301F-11D3-BF4B-00C04F79EFBC}") = "SmartIT.Web.Framework", "Libraries\SmartIT\SmartIT.Web.Framework\SmartIT.Web.Framework.csproj", "{78246559-FD79-430E-8B57-51BCA2A04E7E}"
EndProject
Project("{FAE04EC0-301F-11D3-BF4B-00C04F79EFBC}") = "Tools_4.6.1", "..\..\C#-Components\Tools\Tools_4.6.1.csproj", "{83705265-FF3C-4C87-B42C-B9F2C392D923}"
EndProject
Project("{FAE04EC0-301F-11D3-BF4B-00C04F79EFBC}") = "SmartInstructor.Services", "Libraries\SmartIT\SmartInstructor\SmartInstructor.Services\SmartInstructor.Services.csproj", "{446BD819-C507-493F-90F6-196B08296094}"
EndProject
Project("{FAE04EC0-301F-11D3-BF4B-00C04F79EFBC}") = "SmartInstructor.Core", "Libraries\SmartIT\SmartInstructor\SmartInstructor.Core\SmartInstructor.Core.csproj", "{059D0C98-3AC5-4866-BCEA-A7CA972FB19F}"
EndProject
Project("{FAE04EC0-301F-11D3-BF4B-00C04F79EFBC}") = "SmartStore.SmartFCT", "Plugins\SmartStore.SmartFCT\SmartStore.SmartFCT.csproj", "{0C0877B6-0BC0-43AB-A3EA-7F7F2BC24031}"
EndProject
Global
	GlobalSection(SolutionConfigurationPlatforms) = preSolution
		Debug|Any CPU = Debug|Any CPU
		Debug|Mixed Platforms = Debug|Mixed Platforms
		Debug|x86 = Debug|x86
		EFMigrations|Any CPU = EFMigrations|Any CPU
		EFMigrations|Mixed Platforms = EFMigrations|Mixed Platforms
		EFMigrations|x86 = EFMigrations|x86
		PluginDev|Any CPU = PluginDev|Any CPU
		PluginDev|Mixed Platforms = PluginDev|Mixed Platforms
		PluginDev|x86 = PluginDev|x86
		Release|Any CPU = Release|Any CPU
		Release|Mixed Platforms = Release|Mixed Platforms
		Release|x86 = Release|x86
	EndGlobalSection
	GlobalSection(ProjectConfigurationPlatforms) = postSolution
		{210541AD-F659-47DA-8763-16F36C5CD2F4}.Debug|Any CPU.ActiveCfg = Debug|Any CPU
		{210541AD-F659-47DA-8763-16F36C5CD2F4}.Debug|Any CPU.Build.0 = Debug|Any CPU
		{210541AD-F659-47DA-8763-16F36C5CD2F4}.Debug|Mixed Platforms.ActiveCfg = Debug|Any CPU
		{210541AD-F659-47DA-8763-16F36C5CD2F4}.Debug|Mixed Platforms.Build.0 = Debug|Any CPU
		{210541AD-F659-47DA-8763-16F36C5CD2F4}.Debug|x86.ActiveCfg = Debug|Any CPU
		{210541AD-F659-47DA-8763-16F36C5CD2F4}.EFMigrations|Any CPU.ActiveCfg = EFMigrations|Any CPU
		{210541AD-F659-47DA-8763-16F36C5CD2F4}.EFMigrations|Any CPU.Build.0 = EFMigrations|Any CPU
		{210541AD-F659-47DA-8763-16F36C5CD2F4}.EFMigrations|Mixed Platforms.ActiveCfg = EFMigrations|Any CPU
		{210541AD-F659-47DA-8763-16F36C5CD2F4}.EFMigrations|Mixed Platforms.Build.0 = EFMigrations|Any CPU
		{210541AD-F659-47DA-8763-16F36C5CD2F4}.EFMigrations|x86.ActiveCfg = EFMigrations|Any CPU
		{210541AD-F659-47DA-8763-16F36C5CD2F4}.PluginDev|Any CPU.ActiveCfg = PluginDev|Any CPU
		{210541AD-F659-47DA-8763-16F36C5CD2F4}.PluginDev|Any CPU.Build.0 = PluginDev|Any CPU
		{210541AD-F659-47DA-8763-16F36C5CD2F4}.PluginDev|Mixed Platforms.ActiveCfg = PluginDev|Any CPU
		{210541AD-F659-47DA-8763-16F36C5CD2F4}.PluginDev|Mixed Platforms.Build.0 = PluginDev|Any CPU
		{210541AD-F659-47DA-8763-16F36C5CD2F4}.PluginDev|x86.ActiveCfg = PluginDev|Any CPU
		{210541AD-F659-47DA-8763-16F36C5CD2F4}.Release|Any CPU.ActiveCfg = Release|Any CPU
		{210541AD-F659-47DA-8763-16F36C5CD2F4}.Release|Any CPU.Build.0 = Release|Any CPU
		{210541AD-F659-47DA-8763-16F36C5CD2F4}.Release|Mixed Platforms.ActiveCfg = Release|Any CPU
		{210541AD-F659-47DA-8763-16F36C5CD2F4}.Release|Mixed Platforms.Build.0 = Release|Any CPU
		{210541AD-F659-47DA-8763-16F36C5CD2F4}.Release|x86.ActiveCfg = Release|Any CPU
		{7A9BDC6A-F880-43D5-9B2A-59C1674CE449}.Debug|Any CPU.ActiveCfg = Debug|Any CPU
		{7A9BDC6A-F880-43D5-9B2A-59C1674CE449}.Debug|Any CPU.Build.0 = Debug|Any CPU
		{7A9BDC6A-F880-43D5-9B2A-59C1674CE449}.Debug|Mixed Platforms.ActiveCfg = Debug|Any CPU
		{7A9BDC6A-F880-43D5-9B2A-59C1674CE449}.Debug|Mixed Platforms.Build.0 = Debug|Any CPU
		{7A9BDC6A-F880-43D5-9B2A-59C1674CE449}.Debug|x86.ActiveCfg = Debug|Any CPU
		{7A9BDC6A-F880-43D5-9B2A-59C1674CE449}.EFMigrations|Any CPU.ActiveCfg = EFMigrations|Any CPU
		{7A9BDC6A-F880-43D5-9B2A-59C1674CE449}.EFMigrations|Any CPU.Build.0 = EFMigrations|Any CPU
		{7A9BDC6A-F880-43D5-9B2A-59C1674CE449}.EFMigrations|Mixed Platforms.ActiveCfg = EFMigrations|Any CPU
		{7A9BDC6A-F880-43D5-9B2A-59C1674CE449}.EFMigrations|Mixed Platforms.Build.0 = EFMigrations|Any CPU
		{7A9BDC6A-F880-43D5-9B2A-59C1674CE449}.EFMigrations|x86.ActiveCfg = EFMigrations|Any CPU
		{7A9BDC6A-F880-43D5-9B2A-59C1674CE449}.PluginDev|Any CPU.ActiveCfg = PluginDev|Any CPU
		{7A9BDC6A-F880-43D5-9B2A-59C1674CE449}.PluginDev|Any CPU.Build.0 = PluginDev|Any CPU
		{7A9BDC6A-F880-43D5-9B2A-59C1674CE449}.PluginDev|Mixed Platforms.ActiveCfg = PluginDev|Any CPU
		{7A9BDC6A-F880-43D5-9B2A-59C1674CE449}.PluginDev|Mixed Platforms.Build.0 = PluginDev|Any CPU
		{7A9BDC6A-F880-43D5-9B2A-59C1674CE449}.PluginDev|x86.ActiveCfg = PluginDev|Any CPU
		{7A9BDC6A-F880-43D5-9B2A-59C1674CE449}.Release|Any CPU.ActiveCfg = Release|Any CPU
		{7A9BDC6A-F880-43D5-9B2A-59C1674CE449}.Release|Any CPU.Build.0 = Release|Any CPU
		{7A9BDC6A-F880-43D5-9B2A-59C1674CE449}.Release|Mixed Platforms.ActiveCfg = Release|Any CPU
		{7A9BDC6A-F880-43D5-9B2A-59C1674CE449}.Release|Mixed Platforms.Build.0 = Release|Any CPU
		{7A9BDC6A-F880-43D5-9B2A-59C1674CE449}.Release|x86.ActiveCfg = Release|Any CPU
		{0D303E2D-0367-4F66-AC03-F1658FBBB24D}.Debug|Any CPU.ActiveCfg = Debug|Any CPU
		{0D303E2D-0367-4F66-AC03-F1658FBBB24D}.Debug|Any CPU.Build.0 = Debug|Any CPU
		{0D303E2D-0367-4F66-AC03-F1658FBBB24D}.Debug|Mixed Platforms.ActiveCfg = Debug|Any CPU
		{0D303E2D-0367-4F66-AC03-F1658FBBB24D}.Debug|Mixed Platforms.Build.0 = Debug|Any CPU
		{0D303E2D-0367-4F66-AC03-F1658FBBB24D}.Debug|x86.ActiveCfg = Debug|Any CPU
		{0D303E2D-0367-4F66-AC03-F1658FBBB24D}.EFMigrations|Any CPU.ActiveCfg = EFMigrations|Any CPU
		{0D303E2D-0367-4F66-AC03-F1658FBBB24D}.EFMigrations|Any CPU.Build.0 = EFMigrations|Any CPU
		{0D303E2D-0367-4F66-AC03-F1658FBBB24D}.EFMigrations|Mixed Platforms.ActiveCfg = EFMigrations|Any CPU
		{0D303E2D-0367-4F66-AC03-F1658FBBB24D}.EFMigrations|Mixed Platforms.Build.0 = EFMigrations|Any CPU
		{0D303E2D-0367-4F66-AC03-F1658FBBB24D}.EFMigrations|x86.ActiveCfg = EFMigrations|Any CPU
		{0D303E2D-0367-4F66-AC03-F1658FBBB24D}.PluginDev|Any CPU.ActiveCfg = PluginDev|Any CPU
		{0D303E2D-0367-4F66-AC03-F1658FBBB24D}.PluginDev|Any CPU.Build.0 = PluginDev|Any CPU
		{0D303E2D-0367-4F66-AC03-F1658FBBB24D}.PluginDev|Mixed Platforms.ActiveCfg = PluginDev|Any CPU
		{0D303E2D-0367-4F66-AC03-F1658FBBB24D}.PluginDev|Mixed Platforms.Build.0 = PluginDev|Any CPU
		{0D303E2D-0367-4F66-AC03-F1658FBBB24D}.PluginDev|x86.ActiveCfg = PluginDev|Any CPU
		{0D303E2D-0367-4F66-AC03-F1658FBBB24D}.Release|Any CPU.ActiveCfg = Release|Any CPU
		{0D303E2D-0367-4F66-AC03-F1658FBBB24D}.Release|Any CPU.Build.0 = Release|Any CPU
		{0D303E2D-0367-4F66-AC03-F1658FBBB24D}.Release|Mixed Platforms.ActiveCfg = Release|Any CPU
		{0D303E2D-0367-4F66-AC03-F1658FBBB24D}.Release|Mixed Platforms.Build.0 = Release|Any CPU
		{0D303E2D-0367-4F66-AC03-F1658FBBB24D}.Release|x86.ActiveCfg = Release|Any CPU
		{5DCBE5B1-1A02-48E7-9853-5FCEF2A36805}.Debug|Any CPU.ActiveCfg = Debug|Any CPU
		{5DCBE5B1-1A02-48E7-9853-5FCEF2A36805}.Debug|Any CPU.Build.0 = Debug|Any CPU
		{5DCBE5B1-1A02-48E7-9853-5FCEF2A36805}.Debug|Mixed Platforms.ActiveCfg = Debug|Any CPU
		{5DCBE5B1-1A02-48E7-9853-5FCEF2A36805}.Debug|Mixed Platforms.Build.0 = Debug|Any CPU
		{5DCBE5B1-1A02-48E7-9853-5FCEF2A36805}.Debug|x86.ActiveCfg = Debug|Any CPU
		{5DCBE5B1-1A02-48E7-9853-5FCEF2A36805}.EFMigrations|Any CPU.ActiveCfg = EFMigrations|Any CPU
		{5DCBE5B1-1A02-48E7-9853-5FCEF2A36805}.EFMigrations|Any CPU.Build.0 = EFMigrations|Any CPU
		{5DCBE5B1-1A02-48E7-9853-5FCEF2A36805}.EFMigrations|Mixed Platforms.ActiveCfg = EFMigrations|Any CPU
		{5DCBE5B1-1A02-48E7-9853-5FCEF2A36805}.EFMigrations|Mixed Platforms.Build.0 = EFMigrations|Any CPU
		{5DCBE5B1-1A02-48E7-9853-5FCEF2A36805}.EFMigrations|x86.ActiveCfg = EFMigrations|Any CPU
		{5DCBE5B1-1A02-48E7-9853-5FCEF2A36805}.PluginDev|Any CPU.ActiveCfg = PluginDev|Any CPU
		{5DCBE5B1-1A02-48E7-9853-5FCEF2A36805}.PluginDev|Any CPU.Build.0 = PluginDev|Any CPU
		{5DCBE5B1-1A02-48E7-9853-5FCEF2A36805}.PluginDev|Mixed Platforms.ActiveCfg = PluginDev|Any CPU
		{5DCBE5B1-1A02-48E7-9853-5FCEF2A36805}.PluginDev|Mixed Platforms.Build.0 = PluginDev|Any CPU
		{5DCBE5B1-1A02-48E7-9853-5FCEF2A36805}.PluginDev|x86.ActiveCfg = PluginDev|Any CPU
		{5DCBE5B1-1A02-48E7-9853-5FCEF2A36805}.Release|Any CPU.ActiveCfg = Release|Any CPU
		{5DCBE5B1-1A02-48E7-9853-5FCEF2A36805}.Release|Any CPU.Build.0 = Release|Any CPU
		{5DCBE5B1-1A02-48E7-9853-5FCEF2A36805}.Release|Mixed Platforms.ActiveCfg = Release|Any CPU
		{5DCBE5B1-1A02-48E7-9853-5FCEF2A36805}.Release|Mixed Platforms.Build.0 = Release|Any CPU
		{5DCBE5B1-1A02-48E7-9853-5FCEF2A36805}.Release|x86.ActiveCfg = Release|Any CPU
		{1D9EB579-3630-468A-BE94-49E7DF4F6E1D}.Debug|Any CPU.ActiveCfg = Debug|Any CPU
		{1D9EB579-3630-468A-BE94-49E7DF4F6E1D}.Debug|Any CPU.Build.0 = Debug|Any CPU
		{1D9EB579-3630-468A-BE94-49E7DF4F6E1D}.Debug|Mixed Platforms.ActiveCfg = Debug|Any CPU
		{1D9EB579-3630-468A-BE94-49E7DF4F6E1D}.Debug|Mixed Platforms.Build.0 = Debug|Any CPU
		{1D9EB579-3630-468A-BE94-49E7DF4F6E1D}.Debug|x86.ActiveCfg = Debug|Any CPU
		{1D9EB579-3630-468A-BE94-49E7DF4F6E1D}.EFMigrations|Any CPU.ActiveCfg = EFMigrations|Any CPU
		{1D9EB579-3630-468A-BE94-49E7DF4F6E1D}.EFMigrations|Any CPU.Build.0 = EFMigrations|Any CPU
		{1D9EB579-3630-468A-BE94-49E7DF4F6E1D}.EFMigrations|Mixed Platforms.ActiveCfg = EFMigrations|Any CPU
		{1D9EB579-3630-468A-BE94-49E7DF4F6E1D}.EFMigrations|Mixed Platforms.Build.0 = EFMigrations|Any CPU
		{1D9EB579-3630-468A-BE94-49E7DF4F6E1D}.EFMigrations|x86.ActiveCfg = EFMigrations|Any CPU
		{1D9EB579-3630-468A-BE94-49E7DF4F6E1D}.PluginDev|Any CPU.ActiveCfg = PluginDev|Any CPU
		{1D9EB579-3630-468A-BE94-49E7DF4F6E1D}.PluginDev|Any CPU.Build.0 = PluginDev|Any CPU
		{1D9EB579-3630-468A-BE94-49E7DF4F6E1D}.PluginDev|Mixed Platforms.ActiveCfg = PluginDev|Any CPU
		{1D9EB579-3630-468A-BE94-49E7DF4F6E1D}.PluginDev|Mixed Platforms.Build.0 = PluginDev|Any CPU
		{1D9EB579-3630-468A-BE94-49E7DF4F6E1D}.PluginDev|x86.ActiveCfg = PluginDev|Any CPU
		{1D9EB579-3630-468A-BE94-49E7DF4F6E1D}.Release|Any CPU.ActiveCfg = Release|Any CPU
		{1D9EB579-3630-468A-BE94-49E7DF4F6E1D}.Release|Any CPU.Build.0 = Release|Any CPU
		{1D9EB579-3630-468A-BE94-49E7DF4F6E1D}.Release|Mixed Platforms.ActiveCfg = Release|Any CPU
		{1D9EB579-3630-468A-BE94-49E7DF4F6E1D}.Release|Mixed Platforms.Build.0 = Release|Any CPU
		{1D9EB579-3630-468A-BE94-49E7DF4F6E1D}.Release|x86.ActiveCfg = Release|Any CPU
		{57718244-1B22-4637-9DBF-F5D8E460FC95}.Debug|Any CPU.ActiveCfg = Debug|Any CPU
		{57718244-1B22-4637-9DBF-F5D8E460FC95}.Debug|Any CPU.Build.0 = Debug|Any CPU
		{57718244-1B22-4637-9DBF-F5D8E460FC95}.Debug|Mixed Platforms.ActiveCfg = Debug|Any CPU
		{57718244-1B22-4637-9DBF-F5D8E460FC95}.Debug|Mixed Platforms.Build.0 = Debug|Any CPU
		{57718244-1B22-4637-9DBF-F5D8E460FC95}.Debug|x86.ActiveCfg = Debug|Any CPU
		{57718244-1B22-4637-9DBF-F5D8E460FC95}.EFMigrations|Any CPU.ActiveCfg = EFMigrations|Any CPU
		{57718244-1B22-4637-9DBF-F5D8E460FC95}.EFMigrations|Any CPU.Build.0 = EFMigrations|Any CPU
		{57718244-1B22-4637-9DBF-F5D8E460FC95}.EFMigrations|Mixed Platforms.ActiveCfg = EFMigrations|Any CPU
		{57718244-1B22-4637-9DBF-F5D8E460FC95}.EFMigrations|Mixed Platforms.Build.0 = EFMigrations|Any CPU
		{57718244-1B22-4637-9DBF-F5D8E460FC95}.EFMigrations|x86.ActiveCfg = EFMigrations|Any CPU
		{57718244-1B22-4637-9DBF-F5D8E460FC95}.PluginDev|Any CPU.ActiveCfg = PluginDev|Any CPU
		{57718244-1B22-4637-9DBF-F5D8E460FC95}.PluginDev|Any CPU.Build.0 = PluginDev|Any CPU
		{57718244-1B22-4637-9DBF-F5D8E460FC95}.PluginDev|Mixed Platforms.ActiveCfg = PluginDev|Any CPU
		{57718244-1B22-4637-9DBF-F5D8E460FC95}.PluginDev|Mixed Platforms.Build.0 = PluginDev|Any CPU
		{57718244-1B22-4637-9DBF-F5D8E460FC95}.PluginDev|x86.ActiveCfg = PluginDev|Any CPU
		{57718244-1B22-4637-9DBF-F5D8E460FC95}.Release|Any CPU.ActiveCfg = Release|Any CPU
		{57718244-1B22-4637-9DBF-F5D8E460FC95}.Release|Any CPU.Build.0 = Release|Any CPU
		{57718244-1B22-4637-9DBF-F5D8E460FC95}.Release|Mixed Platforms.ActiveCfg = Release|Any CPU
		{57718244-1B22-4637-9DBF-F5D8E460FC95}.Release|Mixed Platforms.Build.0 = Release|Any CPU
		{57718244-1B22-4637-9DBF-F5D8E460FC95}.Release|x86.ActiveCfg = Release|Any CPU
		{CCD7F2C9-6A2C-4CF0-8E89-076B8FC0F144}.Debug|Any CPU.ActiveCfg = Debug|Any CPU
		{CCD7F2C9-6A2C-4CF0-8E89-076B8FC0F144}.Debug|Any CPU.Build.0 = Debug|Any CPU
		{CCD7F2C9-6A2C-4CF0-8E89-076B8FC0F144}.Debug|Mixed Platforms.ActiveCfg = Debug|Any CPU
		{CCD7F2C9-6A2C-4CF0-8E89-076B8FC0F144}.Debug|Mixed Platforms.Build.0 = Debug|Any CPU
		{CCD7F2C9-6A2C-4CF0-8E89-076B8FC0F144}.Debug|x86.ActiveCfg = Debug|Any CPU
		{CCD7F2C9-6A2C-4CF0-8E89-076B8FC0F144}.EFMigrations|Any CPU.ActiveCfg = EFMigrations|Any CPU
		{CCD7F2C9-6A2C-4CF0-8E89-076B8FC0F144}.EFMigrations|Any CPU.Build.0 = EFMigrations|Any CPU
		{CCD7F2C9-6A2C-4CF0-8E89-076B8FC0F144}.EFMigrations|Mixed Platforms.ActiveCfg = EFMigrations|Any CPU
		{CCD7F2C9-6A2C-4CF0-8E89-076B8FC0F144}.EFMigrations|Mixed Platforms.Build.0 = EFMigrations|Any CPU
		{CCD7F2C9-6A2C-4CF0-8E89-076B8FC0F144}.EFMigrations|x86.ActiveCfg = EFMigrations|Any CPU
		{CCD7F2C9-6A2C-4CF0-8E89-076B8FC0F144}.PluginDev|Any CPU.ActiveCfg = PluginDev|Any CPU
		{CCD7F2C9-6A2C-4CF0-8E89-076B8FC0F144}.PluginDev|Any CPU.Build.0 = PluginDev|Any CPU
		{CCD7F2C9-6A2C-4CF0-8E89-076B8FC0F144}.PluginDev|Mixed Platforms.ActiveCfg = PluginDev|Any CPU
		{CCD7F2C9-6A2C-4CF0-8E89-076B8FC0F144}.PluginDev|Mixed Platforms.Build.0 = PluginDev|Any CPU
		{CCD7F2C9-6A2C-4CF0-8E89-076B8FC0F144}.PluginDev|x86.ActiveCfg = PluginDev|Any CPU
		{CCD7F2C9-6A2C-4CF0-8E89-076B8FC0F144}.Release|Any CPU.ActiveCfg = Release|Any CPU
		{CCD7F2C9-6A2C-4CF0-8E89-076B8FC0F144}.Release|Any CPU.Build.0 = Release|Any CPU
		{CCD7F2C9-6A2C-4CF0-8E89-076B8FC0F144}.Release|Mixed Platforms.ActiveCfg = Release|Any CPU
		{CCD7F2C9-6A2C-4CF0-8E89-076B8FC0F144}.Release|Mixed Platforms.Build.0 = Release|Any CPU
		{CCD7F2C9-6A2C-4CF0-8E89-076B8FC0F144}.Release|x86.ActiveCfg = Release|Any CPU
		{6BDA8332-939F-45B7-A25E-7A797260AE59}.Debug|Any CPU.ActiveCfg = Debug|Any CPU
		{6BDA8332-939F-45B7-A25E-7A797260AE59}.Debug|Any CPU.Build.0 = Debug|Any CPU
		{6BDA8332-939F-45B7-A25E-7A797260AE59}.Debug|Mixed Platforms.ActiveCfg = Debug|Any CPU
		{6BDA8332-939F-45B7-A25E-7A797260AE59}.Debug|Mixed Platforms.Build.0 = Debug|Any CPU
		{6BDA8332-939F-45B7-A25E-7A797260AE59}.Debug|x86.ActiveCfg = Debug|Any CPU
		{6BDA8332-939F-45B7-A25E-7A797260AE59}.EFMigrations|Any CPU.ActiveCfg = EFMigrations|Any CPU
		{6BDA8332-939F-45B7-A25E-7A797260AE59}.EFMigrations|Any CPU.Build.0 = EFMigrations|Any CPU
		{6BDA8332-939F-45B7-A25E-7A797260AE59}.EFMigrations|Mixed Platforms.ActiveCfg = EFMigrations|Any CPU
		{6BDA8332-939F-45B7-A25E-7A797260AE59}.EFMigrations|Mixed Platforms.Build.0 = EFMigrations|Any CPU
		{6BDA8332-939F-45B7-A25E-7A797260AE59}.EFMigrations|x86.ActiveCfg = EFMigrations|Any CPU
		{6BDA8332-939F-45B7-A25E-7A797260AE59}.PluginDev|Any CPU.ActiveCfg = PluginDev|Any CPU
		{6BDA8332-939F-45B7-A25E-7A797260AE59}.PluginDev|Any CPU.Build.0 = PluginDev|Any CPU
		{6BDA8332-939F-45B7-A25E-7A797260AE59}.PluginDev|Mixed Platforms.ActiveCfg = PluginDev|Any CPU
		{6BDA8332-939F-45B7-A25E-7A797260AE59}.PluginDev|Mixed Platforms.Build.0 = PluginDev|Any CPU
		{6BDA8332-939F-45B7-A25E-7A797260AE59}.PluginDev|x86.ActiveCfg = PluginDev|Any CPU
		{6BDA8332-939F-45B7-A25E-7A797260AE59}.Release|Any CPU.ActiveCfg = Release|Any CPU
		{6BDA8332-939F-45B7-A25E-7A797260AE59}.Release|Any CPU.Build.0 = Release|Any CPU
		{6BDA8332-939F-45B7-A25E-7A797260AE59}.Release|Mixed Platforms.ActiveCfg = Release|Any CPU
		{6BDA8332-939F-45B7-A25E-7A797260AE59}.Release|Mixed Platforms.Build.0 = Release|Any CPU
		{6BDA8332-939F-45B7-A25E-7A797260AE59}.Release|x86.ActiveCfg = Release|Any CPU
		{4F1F649C-1020-45BE-A487-F416D9297FF3}.Debug|Any CPU.ActiveCfg = Debug|Any CPU
		{4F1F649C-1020-45BE-A487-F416D9297FF3}.Debug|Any CPU.Build.0 = Debug|Any CPU
		{4F1F649C-1020-45BE-A487-F416D9297FF3}.Debug|Mixed Platforms.ActiveCfg = Debug|Any CPU
		{4F1F649C-1020-45BE-A487-F416D9297FF3}.Debug|Mixed Platforms.Build.0 = Debug|Any CPU
		{4F1F649C-1020-45BE-A487-F416D9297FF3}.Debug|x86.ActiveCfg = Debug|Any CPU
		{4F1F649C-1020-45BE-A487-F416D9297FF3}.EFMigrations|Any CPU.ActiveCfg = EFMigrations|Any CPU
		{4F1F649C-1020-45BE-A487-F416D9297FF3}.EFMigrations|Any CPU.Build.0 = EFMigrations|Any CPU
		{4F1F649C-1020-45BE-A487-F416D9297FF3}.EFMigrations|Mixed Platforms.ActiveCfg = EFMigrations|Any CPU
		{4F1F649C-1020-45BE-A487-F416D9297FF3}.EFMigrations|Mixed Platforms.Build.0 = EFMigrations|Any CPU
		{4F1F649C-1020-45BE-A487-F416D9297FF3}.EFMigrations|x86.ActiveCfg = EFMigrations|Any CPU
		{4F1F649C-1020-45BE-A487-F416D9297FF3}.PluginDev|Any CPU.ActiveCfg = PluginDev|Any CPU
		{4F1F649C-1020-45BE-A487-F416D9297FF3}.PluginDev|Any CPU.Build.0 = PluginDev|Any CPU
		{4F1F649C-1020-45BE-A487-F416D9297FF3}.PluginDev|Mixed Platforms.ActiveCfg = PluginDev|Any CPU
		{4F1F649C-1020-45BE-A487-F416D9297FF3}.PluginDev|Mixed Platforms.Build.0 = PluginDev|Any CPU
		{4F1F649C-1020-45BE-A487-F416D9297FF3}.PluginDev|x86.ActiveCfg = PluginDev|Any CPU
		{4F1F649C-1020-45BE-A487-F416D9297FF3}.Release|Any CPU.ActiveCfg = Release|Any CPU
		{4F1F649C-1020-45BE-A487-F416D9297FF3}.Release|Any CPU.Build.0 = Release|Any CPU
		{4F1F649C-1020-45BE-A487-F416D9297FF3}.Release|Mixed Platforms.ActiveCfg = Release|Any CPU
		{4F1F649C-1020-45BE-A487-F416D9297FF3}.Release|Mixed Platforms.Build.0 = Release|Any CPU
		{4F1F649C-1020-45BE-A487-F416D9297FF3}.Release|x86.ActiveCfg = Release|Any CPU
		{152C761A-DD2E-4C1F-AF89-DFB2547A3BCA}.Debug|Any CPU.ActiveCfg = Debug|Any CPU
		{152C761A-DD2E-4C1F-AF89-DFB2547A3BCA}.Debug|Any CPU.Build.0 = Debug|Any CPU
		{152C761A-DD2E-4C1F-AF89-DFB2547A3BCA}.Debug|Mixed Platforms.ActiveCfg = Debug|Any CPU
		{152C761A-DD2E-4C1F-AF89-DFB2547A3BCA}.Debug|Mixed Platforms.Build.0 = Debug|Any CPU
		{152C761A-DD2E-4C1F-AF89-DFB2547A3BCA}.Debug|x86.ActiveCfg = Debug|Any CPU
		{152C761A-DD2E-4C1F-AF89-DFB2547A3BCA}.EFMigrations|Any CPU.ActiveCfg = EFMigrations|Any CPU
		{152C761A-DD2E-4C1F-AF89-DFB2547A3BCA}.EFMigrations|Any CPU.Build.0 = EFMigrations|Any CPU
		{152C761A-DD2E-4C1F-AF89-DFB2547A3BCA}.EFMigrations|Mixed Platforms.ActiveCfg = EFMigrations|Any CPU
		{152C761A-DD2E-4C1F-AF89-DFB2547A3BCA}.EFMigrations|Mixed Platforms.Build.0 = EFMigrations|Any CPU
		{152C761A-DD2E-4C1F-AF89-DFB2547A3BCA}.EFMigrations|x86.ActiveCfg = EFMigrations|Any CPU
		{152C761A-DD2E-4C1F-AF89-DFB2547A3BCA}.PluginDev|Any CPU.ActiveCfg = PluginDev|Any CPU
		{152C761A-DD2E-4C1F-AF89-DFB2547A3BCA}.PluginDev|Any CPU.Build.0 = PluginDev|Any CPU
		{152C761A-DD2E-4C1F-AF89-DFB2547A3BCA}.PluginDev|Mixed Platforms.ActiveCfg = PluginDev|Any CPU
		{152C761A-DD2E-4C1F-AF89-DFB2547A3BCA}.PluginDev|Mixed Platforms.Build.0 = PluginDev|Any CPU
		{152C761A-DD2E-4C1F-AF89-DFB2547A3BCA}.PluginDev|x86.ActiveCfg = PluginDev|Any CPU
		{152C761A-DD2E-4C1F-AF89-DFB2547A3BCA}.Release|Any CPU.ActiveCfg = Release|Any CPU
		{152C761A-DD2E-4C1F-AF89-DFB2547A3BCA}.Release|Any CPU.Build.0 = Release|Any CPU
		{152C761A-DD2E-4C1F-AF89-DFB2547A3BCA}.Release|Mixed Platforms.ActiveCfg = Release|Any CPU
		{152C761A-DD2E-4C1F-AF89-DFB2547A3BCA}.Release|Mixed Platforms.Build.0 = Release|Any CPU
		{152C761A-DD2E-4C1F-AF89-DFB2547A3BCA}.Release|x86.ActiveCfg = Release|Any CPU
		{75FD4163-333C-4DD5-854D-2EF294E45D94}.Debug|Any CPU.ActiveCfg = Debug|Any CPU
		{75FD4163-333C-4DD5-854D-2EF294E45D94}.Debug|Any CPU.Build.0 = Debug|Any CPU
		{75FD4163-333C-4DD5-854D-2EF294E45D94}.Debug|Mixed Platforms.ActiveCfg = Debug|Any CPU
		{75FD4163-333C-4DD5-854D-2EF294E45D94}.Debug|Mixed Platforms.Build.0 = Debug|Any CPU
		{75FD4163-333C-4DD5-854D-2EF294E45D94}.Debug|x86.ActiveCfg = Debug|Any CPU
		{75FD4163-333C-4DD5-854D-2EF294E45D94}.EFMigrations|Any CPU.ActiveCfg = EFMigrations|Any CPU
		{75FD4163-333C-4DD5-854D-2EF294E45D94}.EFMigrations|Any CPU.Build.0 = EFMigrations|Any CPU
		{75FD4163-333C-4DD5-854D-2EF294E45D94}.EFMigrations|Mixed Platforms.ActiveCfg = EFMigrations|Any CPU
		{75FD4163-333C-4DD5-854D-2EF294E45D94}.EFMigrations|Mixed Platforms.Build.0 = EFMigrations|Any CPU
		{75FD4163-333C-4DD5-854D-2EF294E45D94}.EFMigrations|x86.ActiveCfg = EFMigrations|Any CPU
		{75FD4163-333C-4DD5-854D-2EF294E45D94}.PluginDev|Any CPU.ActiveCfg = PluginDev|Any CPU
		{75FD4163-333C-4DD5-854D-2EF294E45D94}.PluginDev|Any CPU.Build.0 = PluginDev|Any CPU
		{75FD4163-333C-4DD5-854D-2EF294E45D94}.PluginDev|Mixed Platforms.ActiveCfg = PluginDev|Any CPU
		{75FD4163-333C-4DD5-854D-2EF294E45D94}.PluginDev|Mixed Platforms.Build.0 = PluginDev|Any CPU
		{75FD4163-333C-4DD5-854D-2EF294E45D94}.PluginDev|x86.ActiveCfg = PluginDev|Any CPU
		{75FD4163-333C-4DD5-854D-2EF294E45D94}.Release|Any CPU.ActiveCfg = Release|Any CPU
		{75FD4163-333C-4DD5-854D-2EF294E45D94}.Release|Any CPU.Build.0 = Release|Any CPU
		{75FD4163-333C-4DD5-854D-2EF294E45D94}.Release|Mixed Platforms.ActiveCfg = Release|Any CPU
		{75FD4163-333C-4DD5-854D-2EF294E45D94}.Release|Mixed Platforms.Build.0 = Release|Any CPU
		{75FD4163-333C-4DD5-854D-2EF294E45D94}.Release|x86.ActiveCfg = Release|Any CPU
		{DCC07617-E6EB-4F3C-AAFF-B15CA2B6E07F}.Debug|Any CPU.ActiveCfg = Debug|Any CPU
		{DCC07617-E6EB-4F3C-AAFF-B15CA2B6E07F}.Debug|Any CPU.Build.0 = Debug|Any CPU
		{DCC07617-E6EB-4F3C-AAFF-B15CA2B6E07F}.Debug|Mixed Platforms.ActiveCfg = Debug|Any CPU
		{DCC07617-E6EB-4F3C-AAFF-B15CA2B6E07F}.Debug|Mixed Platforms.Build.0 = Debug|Any CPU
		{DCC07617-E6EB-4F3C-AAFF-B15CA2B6E07F}.Debug|x86.ActiveCfg = Debug|Any CPU
		{DCC07617-E6EB-4F3C-AAFF-B15CA2B6E07F}.EFMigrations|Any CPU.ActiveCfg = PluginDev|Any CPU
		{DCC07617-E6EB-4F3C-AAFF-B15CA2B6E07F}.EFMigrations|Any CPU.Build.0 = PluginDev|Any CPU
		{DCC07617-E6EB-4F3C-AAFF-B15CA2B6E07F}.EFMigrations|Mixed Platforms.ActiveCfg = PluginDev|Any CPU
		{DCC07617-E6EB-4F3C-AAFF-B15CA2B6E07F}.EFMigrations|Mixed Platforms.Build.0 = PluginDev|Any CPU
		{DCC07617-E6EB-4F3C-AAFF-B15CA2B6E07F}.EFMigrations|x86.ActiveCfg = PluginDev|Any CPU
		{DCC07617-E6EB-4F3C-AAFF-B15CA2B6E07F}.PluginDev|Any CPU.ActiveCfg = PluginDev|Any CPU
		{DCC07617-E6EB-4F3C-AAFF-B15CA2B6E07F}.PluginDev|Any CPU.Build.0 = PluginDev|Any CPU
		{DCC07617-E6EB-4F3C-AAFF-B15CA2B6E07F}.PluginDev|Mixed Platforms.ActiveCfg = PluginDev|Any CPU
		{DCC07617-E6EB-4F3C-AAFF-B15CA2B6E07F}.PluginDev|Mixed Platforms.Build.0 = PluginDev|Any CPU
		{DCC07617-E6EB-4F3C-AAFF-B15CA2B6E07F}.PluginDev|x86.ActiveCfg = PluginDev|Any CPU
		{DCC07617-E6EB-4F3C-AAFF-B15CA2B6E07F}.Release|Any CPU.ActiveCfg = Release|Any CPU
		{DCC07617-E6EB-4F3C-AAFF-B15CA2B6E07F}.Release|Any CPU.Build.0 = Release|Any CPU
		{DCC07617-E6EB-4F3C-AAFF-B15CA2B6E07F}.Release|Mixed Platforms.ActiveCfg = Release|Any CPU
		{DCC07617-E6EB-4F3C-AAFF-B15CA2B6E07F}.Release|Mixed Platforms.Build.0 = Release|Any CPU
		{DCC07617-E6EB-4F3C-AAFF-B15CA2B6E07F}.Release|x86.ActiveCfg = Release|Any CPU
		{CD28D50C-38C3-4371-80B3-71FE7853D61D}.Debug|Any CPU.ActiveCfg = Debug|Any CPU
		{CD28D50C-38C3-4371-80B3-71FE7853D61D}.Debug|Any CPU.Build.0 = Debug|Any CPU
		{CD28D50C-38C3-4371-80B3-71FE7853D61D}.Debug|Mixed Platforms.ActiveCfg = Debug|Any CPU
		{CD28D50C-38C3-4371-80B3-71FE7853D61D}.Debug|Mixed Platforms.Build.0 = Debug|Any CPU
		{CD28D50C-38C3-4371-80B3-71FE7853D61D}.Debug|x86.ActiveCfg = Debug|Any CPU
		{CD28D50C-38C3-4371-80B3-71FE7853D61D}.EFMigrations|Any CPU.ActiveCfg = PluginDev|Any CPU
		{CD28D50C-38C3-4371-80B3-71FE7853D61D}.EFMigrations|Any CPU.Build.0 = PluginDev|Any CPU
		{CD28D50C-38C3-4371-80B3-71FE7853D61D}.EFMigrations|Mixed Platforms.ActiveCfg = PluginDev|Any CPU
		{CD28D50C-38C3-4371-80B3-71FE7853D61D}.EFMigrations|Mixed Platforms.Build.0 = PluginDev|Any CPU
		{CD28D50C-38C3-4371-80B3-71FE7853D61D}.EFMigrations|x86.ActiveCfg = PluginDev|Any CPU
		{CD28D50C-38C3-4371-80B3-71FE7853D61D}.PluginDev|Any CPU.ActiveCfg = PluginDev|Any CPU
		{CD28D50C-38C3-4371-80B3-71FE7853D61D}.PluginDev|Any CPU.Build.0 = PluginDev|Any CPU
		{CD28D50C-38C3-4371-80B3-71FE7853D61D}.PluginDev|Mixed Platforms.ActiveCfg = PluginDev|Any CPU
		{CD28D50C-38C3-4371-80B3-71FE7853D61D}.PluginDev|Mixed Platforms.Build.0 = PluginDev|Any CPU
		{CD28D50C-38C3-4371-80B3-71FE7853D61D}.PluginDev|x86.ActiveCfg = PluginDev|Any CPU
		{CD28D50C-38C3-4371-80B3-71FE7853D61D}.Release|Any CPU.ActiveCfg = Release|Any CPU
		{CD28D50C-38C3-4371-80B3-71FE7853D61D}.Release|Any CPU.Build.0 = Release|Any CPU
		{CD28D50C-38C3-4371-80B3-71FE7853D61D}.Release|Mixed Platforms.ActiveCfg = Release|Any CPU
		{CD28D50C-38C3-4371-80B3-71FE7853D61D}.Release|Mixed Platforms.Build.0 = Release|Any CPU
		{CD28D50C-38C3-4371-80B3-71FE7853D61D}.Release|x86.ActiveCfg = Release|Any CPU
		{542B9C12-E2A1-49BB-9134-0E3484F9D669}.Debug|Any CPU.ActiveCfg = Debug|Any CPU
		{542B9C12-E2A1-49BB-9134-0E3484F9D669}.Debug|Any CPU.Build.0 = Debug|Any CPU
		{542B9C12-E2A1-49BB-9134-0E3484F9D669}.Debug|Mixed Platforms.ActiveCfg = Debug|Any CPU
		{542B9C12-E2A1-49BB-9134-0E3484F9D669}.Debug|Mixed Platforms.Build.0 = Debug|Any CPU
		{542B9C12-E2A1-49BB-9134-0E3484F9D669}.Debug|x86.ActiveCfg = Debug|Any CPU
		{542B9C12-E2A1-49BB-9134-0E3484F9D669}.EFMigrations|Any CPU.ActiveCfg = EFMigrations|Any CPU
		{542B9C12-E2A1-49BB-9134-0E3484F9D669}.EFMigrations|Any CPU.Build.0 = EFMigrations|Any CPU
		{542B9C12-E2A1-49BB-9134-0E3484F9D669}.EFMigrations|Mixed Platforms.ActiveCfg = EFMigrations|Any CPU
		{542B9C12-E2A1-49BB-9134-0E3484F9D669}.EFMigrations|Mixed Platforms.Build.0 = EFMigrations|Any CPU
		{542B9C12-E2A1-49BB-9134-0E3484F9D669}.EFMigrations|x86.ActiveCfg = EFMigrations|Any CPU
		{542B9C12-E2A1-49BB-9134-0E3484F9D669}.PluginDev|Any CPU.ActiveCfg = PluginDev|Any CPU
		{542B9C12-E2A1-49BB-9134-0E3484F9D669}.PluginDev|Any CPU.Build.0 = PluginDev|Any CPU
		{542B9C12-E2A1-49BB-9134-0E3484F9D669}.PluginDev|Mixed Platforms.ActiveCfg = PluginDev|Any CPU
		{542B9C12-E2A1-49BB-9134-0E3484F9D669}.PluginDev|Mixed Platforms.Build.0 = PluginDev|Any CPU
		{542B9C12-E2A1-49BB-9134-0E3484F9D669}.PluginDev|x86.ActiveCfg = PluginDev|Any CPU
		{542B9C12-E2A1-49BB-9134-0E3484F9D669}.Release|Any CPU.ActiveCfg = Release|Any CPU
		{542B9C12-E2A1-49BB-9134-0E3484F9D669}.Release|Any CPU.Build.0 = Release|Any CPU
		{542B9C12-E2A1-49BB-9134-0E3484F9D669}.Release|Mixed Platforms.ActiveCfg = Release|Any CPU
		{542B9C12-E2A1-49BB-9134-0E3484F9D669}.Release|Mixed Platforms.Build.0 = Release|Any CPU
		{542B9C12-E2A1-49BB-9134-0E3484F9D669}.Release|x86.ActiveCfg = Release|Any CPU
		{09FC3F83-2736-4FF5-8710-B066DEDDC2F2}.Debug|Any CPU.ActiveCfg = Debug|Any CPU
		{09FC3F83-2736-4FF5-8710-B066DEDDC2F2}.Debug|Any CPU.Build.0 = Debug|Any CPU
		{09FC3F83-2736-4FF5-8710-B066DEDDC2F2}.Debug|Mixed Platforms.ActiveCfg = Debug|Any CPU
		{09FC3F83-2736-4FF5-8710-B066DEDDC2F2}.Debug|Mixed Platforms.Build.0 = Debug|Any CPU
		{09FC3F83-2736-4FF5-8710-B066DEDDC2F2}.Debug|x86.ActiveCfg = Debug|Any CPU
		{09FC3F83-2736-4FF5-8710-B066DEDDC2F2}.Debug|x86.Build.0 = Debug|Any CPU
		{09FC3F83-2736-4FF5-8710-B066DEDDC2F2}.EFMigrations|Any CPU.ActiveCfg = Release|Any CPU
		{09FC3F83-2736-4FF5-8710-B066DEDDC2F2}.EFMigrations|Any CPU.Build.0 = Release|Any CPU
		{09FC3F83-2736-4FF5-8710-B066DEDDC2F2}.EFMigrations|Mixed Platforms.ActiveCfg = Debug|Any CPU
		{09FC3F83-2736-4FF5-8710-B066DEDDC2F2}.EFMigrations|Mixed Platforms.Build.0 = Debug|Any CPU
		{09FC3F83-2736-4FF5-8710-B066DEDDC2F2}.EFMigrations|x86.ActiveCfg = Release|Any CPU
		{09FC3F83-2736-4FF5-8710-B066DEDDC2F2}.EFMigrations|x86.Build.0 = Release|Any CPU
		{09FC3F83-2736-4FF5-8710-B066DEDDC2F2}.PluginDev|Any CPU.ActiveCfg = Release|Any CPU
		{09FC3F83-2736-4FF5-8710-B066DEDDC2F2}.PluginDev|Any CPU.Build.0 = Release|Any CPU
		{09FC3F83-2736-4FF5-8710-B066DEDDC2F2}.PluginDev|Mixed Platforms.ActiveCfg = Release|Any CPU
		{09FC3F83-2736-4FF5-8710-B066DEDDC2F2}.PluginDev|Mixed Platforms.Build.0 = Release|Any CPU
		{09FC3F83-2736-4FF5-8710-B066DEDDC2F2}.PluginDev|x86.ActiveCfg = Release|Any CPU
		{09FC3F83-2736-4FF5-8710-B066DEDDC2F2}.PluginDev|x86.Build.0 = Release|Any CPU
		{09FC3F83-2736-4FF5-8710-B066DEDDC2F2}.Release|Any CPU.ActiveCfg = Release|Any CPU
		{09FC3F83-2736-4FF5-8710-B066DEDDC2F2}.Release|Any CPU.Build.0 = Release|Any CPU
		{09FC3F83-2736-4FF5-8710-B066DEDDC2F2}.Release|Mixed Platforms.ActiveCfg = Release|Any CPU
		{09FC3F83-2736-4FF5-8710-B066DEDDC2F2}.Release|Mixed Platforms.Build.0 = Release|Any CPU
		{09FC3F83-2736-4FF5-8710-B066DEDDC2F2}.Release|x86.ActiveCfg = Release|Any CPU
		{09FC3F83-2736-4FF5-8710-B066DEDDC2F2}.Release|x86.Build.0 = Release|Any CPU
		{A7A8CD51-65BD-42D0-ADCB-626071E0EF58}.Debug|Any CPU.ActiveCfg = Debug|Any CPU
		{A7A8CD51-65BD-42D0-ADCB-626071E0EF58}.Debug|Any CPU.Build.0 = Debug|Any CPU
		{A7A8CD51-65BD-42D0-ADCB-626071E0EF58}.Debug|Mixed Platforms.ActiveCfg = Debug|Any CPU
		{A7A8CD51-65BD-42D0-ADCB-626071E0EF58}.Debug|Mixed Platforms.Build.0 = Debug|Any CPU
		{A7A8CD51-65BD-42D0-ADCB-626071E0EF58}.Debug|x86.ActiveCfg = Debug|Any CPU
		{A7A8CD51-65BD-42D0-ADCB-626071E0EF58}.Debug|x86.Build.0 = Debug|Any CPU
		{A7A8CD51-65BD-42D0-ADCB-626071E0EF58}.EFMigrations|Any CPU.ActiveCfg = Release|Any CPU
		{A7A8CD51-65BD-42D0-ADCB-626071E0EF58}.EFMigrations|Any CPU.Build.0 = Release|Any CPU
		{A7A8CD51-65BD-42D0-ADCB-626071E0EF58}.EFMigrations|Mixed Platforms.ActiveCfg = EFMigrations|Any CPU
		{A7A8CD51-65BD-42D0-ADCB-626071E0EF58}.EFMigrations|Mixed Platforms.Build.0 = EFMigrations|Any CPU
		{A7A8CD51-65BD-42D0-ADCB-626071E0EF58}.EFMigrations|x86.ActiveCfg = Release|Any CPU
		{A7A8CD51-65BD-42D0-ADCB-626071E0EF58}.EFMigrations|x86.Build.0 = Release|Any CPU
		{A7A8CD51-65BD-42D0-ADCB-626071E0EF58}.PluginDev|Any CPU.ActiveCfg = Release|Any CPU
		{A7A8CD51-65BD-42D0-ADCB-626071E0EF58}.PluginDev|Any CPU.Build.0 = Release|Any CPU
		{A7A8CD51-65BD-42D0-ADCB-626071E0EF58}.PluginDev|Mixed Platforms.ActiveCfg = Release|Any CPU
		{A7A8CD51-65BD-42D0-ADCB-626071E0EF58}.PluginDev|Mixed Platforms.Build.0 = Release|Any CPU
		{A7A8CD51-65BD-42D0-ADCB-626071E0EF58}.PluginDev|x86.ActiveCfg = Release|Any CPU
		{A7A8CD51-65BD-42D0-ADCB-626071E0EF58}.PluginDev|x86.Build.0 = Release|Any CPU
		{A7A8CD51-65BD-42D0-ADCB-626071E0EF58}.Release|Any CPU.ActiveCfg = Release|Any CPU
		{A7A8CD51-65BD-42D0-ADCB-626071E0EF58}.Release|Any CPU.Build.0 = Release|Any CPU
		{A7A8CD51-65BD-42D0-ADCB-626071E0EF58}.Release|Mixed Platforms.ActiveCfg = Release|Any CPU
		{A7A8CD51-65BD-42D0-ADCB-626071E0EF58}.Release|Mixed Platforms.Build.0 = Release|Any CPU
		{A7A8CD51-65BD-42D0-ADCB-626071E0EF58}.Release|x86.ActiveCfg = Release|Any CPU
		{A7A8CD51-65BD-42D0-ADCB-626071E0EF58}.Release|x86.Build.0 = Release|Any CPU
		{6100D3CC-4A27-4543-9DCC-293E547AE25B}.Debug|Any CPU.ActiveCfg = Debug|Any CPU
		{6100D3CC-4A27-4543-9DCC-293E547AE25B}.Debug|Any CPU.Build.0 = Debug|Any CPU
		{6100D3CC-4A27-4543-9DCC-293E547AE25B}.Debug|Mixed Platforms.ActiveCfg = Debug|Any CPU
		{6100D3CC-4A27-4543-9DCC-293E547AE25B}.Debug|Mixed Platforms.Build.0 = Debug|Any CPU
		{6100D3CC-4A27-4543-9DCC-293E547AE25B}.Debug|x86.ActiveCfg = Debug|Any CPU
		{6100D3CC-4A27-4543-9DCC-293E547AE25B}.Debug|x86.Build.0 = Debug|Any CPU
		{6100D3CC-4A27-4543-9DCC-293E547AE25B}.EFMigrations|Any CPU.ActiveCfg = Release|Any CPU
		{6100D3CC-4A27-4543-9DCC-293E547AE25B}.EFMigrations|Any CPU.Build.0 = Release|Any CPU
		{6100D3CC-4A27-4543-9DCC-293E547AE25B}.EFMigrations|Mixed Platforms.ActiveCfg = Debug|Any CPU
		{6100D3CC-4A27-4543-9DCC-293E547AE25B}.EFMigrations|Mixed Platforms.Build.0 = Debug|Any CPU
		{6100D3CC-4A27-4543-9DCC-293E547AE25B}.EFMigrations|x86.ActiveCfg = Release|Any CPU
		{6100D3CC-4A27-4543-9DCC-293E547AE25B}.EFMigrations|x86.Build.0 = Release|Any CPU
		{6100D3CC-4A27-4543-9DCC-293E547AE25B}.PluginDev|Any CPU.ActiveCfg = Release|Any CPU
		{6100D3CC-4A27-4543-9DCC-293E547AE25B}.PluginDev|Any CPU.Build.0 = Release|Any CPU
		{6100D3CC-4A27-4543-9DCC-293E547AE25B}.PluginDev|Mixed Platforms.ActiveCfg = Release|Any CPU
		{6100D3CC-4A27-4543-9DCC-293E547AE25B}.PluginDev|Mixed Platforms.Build.0 = Release|Any CPU
		{6100D3CC-4A27-4543-9DCC-293E547AE25B}.PluginDev|x86.ActiveCfg = Release|Any CPU
		{6100D3CC-4A27-4543-9DCC-293E547AE25B}.PluginDev|x86.Build.0 = Release|Any CPU
		{6100D3CC-4A27-4543-9DCC-293E547AE25B}.Release|Any CPU.ActiveCfg = Release|Any CPU
		{6100D3CC-4A27-4543-9DCC-293E547AE25B}.Release|Any CPU.Build.0 = Release|Any CPU
		{6100D3CC-4A27-4543-9DCC-293E547AE25B}.Release|Mixed Platforms.ActiveCfg = Release|Any CPU
		{6100D3CC-4A27-4543-9DCC-293E547AE25B}.Release|Mixed Platforms.Build.0 = Release|Any CPU
		{6100D3CC-4A27-4543-9DCC-293E547AE25B}.Release|x86.ActiveCfg = Release|Any CPU
		{6100D3CC-4A27-4543-9DCC-293E547AE25B}.Release|x86.Build.0 = Release|Any CPU
		{CBB7BF27-8346-4D95-9389-980F3C248F38}.Debug|Any CPU.ActiveCfg = Debug|Any CPU
		{CBB7BF27-8346-4D95-9389-980F3C248F38}.Debug|Any CPU.Build.0 = Debug|Any CPU
		{CBB7BF27-8346-4D95-9389-980F3C248F38}.Debug|Mixed Platforms.ActiveCfg = Debug|Any CPU
		{CBB7BF27-8346-4D95-9389-980F3C248F38}.Debug|Mixed Platforms.Build.0 = Debug|Any CPU
		{CBB7BF27-8346-4D95-9389-980F3C248F38}.Debug|x86.ActiveCfg = Debug|Any CPU
		{CBB7BF27-8346-4D95-9389-980F3C248F38}.Debug|x86.Build.0 = Debug|Any CPU
		{CBB7BF27-8346-4D95-9389-980F3C248F38}.EFMigrations|Any CPU.ActiveCfg = Release|Any CPU
		{CBB7BF27-8346-4D95-9389-980F3C248F38}.EFMigrations|Any CPU.Build.0 = Release|Any CPU
		{CBB7BF27-8346-4D95-9389-980F3C248F38}.EFMigrations|Mixed Platforms.ActiveCfg = Debug|Any CPU
		{CBB7BF27-8346-4D95-9389-980F3C248F38}.EFMigrations|Mixed Platforms.Build.0 = Debug|Any CPU
		{CBB7BF27-8346-4D95-9389-980F3C248F38}.EFMigrations|x86.ActiveCfg = Release|Any CPU
		{CBB7BF27-8346-4D95-9389-980F3C248F38}.EFMigrations|x86.Build.0 = Release|Any CPU
		{CBB7BF27-8346-4D95-9389-980F3C248F38}.PluginDev|Any CPU.ActiveCfg = Release|Any CPU
		{CBB7BF27-8346-4D95-9389-980F3C248F38}.PluginDev|Any CPU.Build.0 = Release|Any CPU
		{CBB7BF27-8346-4D95-9389-980F3C248F38}.PluginDev|Mixed Platforms.ActiveCfg = Release|Any CPU
		{CBB7BF27-8346-4D95-9389-980F3C248F38}.PluginDev|Mixed Platforms.Build.0 = Release|Any CPU
		{CBB7BF27-8346-4D95-9389-980F3C248F38}.PluginDev|x86.ActiveCfg = Release|Any CPU
		{CBB7BF27-8346-4D95-9389-980F3C248F38}.PluginDev|x86.Build.0 = Release|Any CPU
		{CBB7BF27-8346-4D95-9389-980F3C248F38}.Release|Any CPU.ActiveCfg = Release|Any CPU
		{CBB7BF27-8346-4D95-9389-980F3C248F38}.Release|Any CPU.Build.0 = Release|Any CPU
		{CBB7BF27-8346-4D95-9389-980F3C248F38}.Release|Mixed Platforms.ActiveCfg = Release|Any CPU
		{CBB7BF27-8346-4D95-9389-980F3C248F38}.Release|Mixed Platforms.Build.0 = Release|Any CPU
		{CBB7BF27-8346-4D95-9389-980F3C248F38}.Release|x86.ActiveCfg = Release|Any CPU
		{CBB7BF27-8346-4D95-9389-980F3C248F38}.Release|x86.Build.0 = Release|Any CPU
		{78246559-FD79-430E-8B57-51BCA2A04E7E}.Debug|Any CPU.ActiveCfg = Debug|Any CPU
		{78246559-FD79-430E-8B57-51BCA2A04E7E}.Debug|Any CPU.Build.0 = Debug|Any CPU
		{78246559-FD79-430E-8B57-51BCA2A04E7E}.Debug|Mixed Platforms.ActiveCfg = Debug|Any CPU
		{78246559-FD79-430E-8B57-51BCA2A04E7E}.Debug|Mixed Platforms.Build.0 = Debug|Any CPU
		{78246559-FD79-430E-8B57-51BCA2A04E7E}.Debug|x86.ActiveCfg = Debug|Any CPU
		{78246559-FD79-430E-8B57-51BCA2A04E7E}.Debug|x86.Build.0 = Debug|Any CPU
		{78246559-FD79-430E-8B57-51BCA2A04E7E}.EFMigrations|Any CPU.ActiveCfg = Release|Any CPU
		{78246559-FD79-430E-8B57-51BCA2A04E7E}.EFMigrations|Any CPU.Build.0 = Release|Any CPU
		{78246559-FD79-430E-8B57-51BCA2A04E7E}.EFMigrations|Mixed Platforms.ActiveCfg = Debug|Any CPU
		{78246559-FD79-430E-8B57-51BCA2A04E7E}.EFMigrations|Mixed Platforms.Build.0 = Debug|Any CPU
		{78246559-FD79-430E-8B57-51BCA2A04E7E}.EFMigrations|x86.ActiveCfg = Release|Any CPU
		{78246559-FD79-430E-8B57-51BCA2A04E7E}.EFMigrations|x86.Build.0 = Release|Any CPU
		{78246559-FD79-430E-8B57-51BCA2A04E7E}.PluginDev|Any CPU.ActiveCfg = Release|Any CPU
		{78246559-FD79-430E-8B57-51BCA2A04E7E}.PluginDev|Any CPU.Build.0 = Release|Any CPU
		{78246559-FD79-430E-8B57-51BCA2A04E7E}.PluginDev|Mixed Platforms.ActiveCfg = Release|Any CPU
		{78246559-FD79-430E-8B57-51BCA2A04E7E}.PluginDev|Mixed Platforms.Build.0 = Release|Any CPU
		{78246559-FD79-430E-8B57-51BCA2A04E7E}.PluginDev|x86.ActiveCfg = Release|Any CPU
		{78246559-FD79-430E-8B57-51BCA2A04E7E}.PluginDev|x86.Build.0 = Release|Any CPU
		{78246559-FD79-430E-8B57-51BCA2A04E7E}.Release|Any CPU.ActiveCfg = Release|Any CPU
		{78246559-FD79-430E-8B57-51BCA2A04E7E}.Release|Any CPU.Build.0 = Release|Any CPU
		{78246559-FD79-430E-8B57-51BCA2A04E7E}.Release|Mixed Platforms.ActiveCfg = Release|Any CPU
		{78246559-FD79-430E-8B57-51BCA2A04E7E}.Release|Mixed Platforms.Build.0 = Release|Any CPU
		{78246559-FD79-430E-8B57-51BCA2A04E7E}.Release|x86.ActiveCfg = Release|Any CPU
		{78246559-FD79-430E-8B57-51BCA2A04E7E}.Release|x86.Build.0 = Release|Any CPU
		{83705265-FF3C-4C87-B42C-B9F2C392D923}.Debug|Any CPU.ActiveCfg = Debug|Any CPU
		{83705265-FF3C-4C87-B42C-B9F2C392D923}.Debug|Any CPU.Build.0 = Debug|Any CPU
		{83705265-FF3C-4C87-B42C-B9F2C392D923}.Debug|Mixed Platforms.ActiveCfg = Debug|Any CPU
		{83705265-FF3C-4C87-B42C-B9F2C392D923}.Debug|Mixed Platforms.Build.0 = Debug|Any CPU
		{83705265-FF3C-4C87-B42C-B9F2C392D923}.Debug|x86.ActiveCfg = Debug|Any CPU
		{83705265-FF3C-4C87-B42C-B9F2C392D923}.Debug|x86.Build.0 = Debug|Any CPU
		{83705265-FF3C-4C87-B42C-B9F2C392D923}.EFMigrations|Any CPU.ActiveCfg = Release|Any CPU
		{83705265-FF3C-4C87-B42C-B9F2C392D923}.EFMigrations|Any CPU.Build.0 = Release|Any CPU
		{83705265-FF3C-4C87-B42C-B9F2C392D923}.EFMigrations|Mixed Platforms.ActiveCfg = Debug|Any CPU
		{83705265-FF3C-4C87-B42C-B9F2C392D923}.EFMigrations|Mixed Platforms.Build.0 = Debug|Any CPU
		{83705265-FF3C-4C87-B42C-B9F2C392D923}.EFMigrations|x86.ActiveCfg = Release|Any CPU
		{83705265-FF3C-4C87-B42C-B9F2C392D923}.EFMigrations|x86.Build.0 = Release|Any CPU
		{83705265-FF3C-4C87-B42C-B9F2C392D923}.PluginDev|Any CPU.ActiveCfg = Release|Any CPU
		{83705265-FF3C-4C87-B42C-B9F2C392D923}.PluginDev|Any CPU.Build.0 = Release|Any CPU
		{83705265-FF3C-4C87-B42C-B9F2C392D923}.PluginDev|Mixed Platforms.ActiveCfg = Release|Any CPU
		{83705265-FF3C-4C87-B42C-B9F2C392D923}.PluginDev|Mixed Platforms.Build.0 = Release|Any CPU
		{83705265-FF3C-4C87-B42C-B9F2C392D923}.PluginDev|x86.ActiveCfg = Release|Any CPU
		{83705265-FF3C-4C87-B42C-B9F2C392D923}.PluginDev|x86.Build.0 = Release|Any CPU
		{83705265-FF3C-4C87-B42C-B9F2C392D923}.Release|Any CPU.ActiveCfg = Release|Any CPU
		{83705265-FF3C-4C87-B42C-B9F2C392D923}.Release|Any CPU.Build.0 = Release|Any CPU
		{83705265-FF3C-4C87-B42C-B9F2C392D923}.Release|Mixed Platforms.ActiveCfg = Release|Any CPU
		{83705265-FF3C-4C87-B42C-B9F2C392D923}.Release|Mixed Platforms.Build.0 = Release|Any CPU
		{83705265-FF3C-4C87-B42C-B9F2C392D923}.Release|x86.ActiveCfg = Release|Any CPU
		{83705265-FF3C-4C87-B42C-B9F2C392D923}.Release|x86.Build.0 = Release|Any CPU
		{446BD819-C507-493F-90F6-196B08296094}.Debug|Any CPU.ActiveCfg = Debug|Any CPU
		{446BD819-C507-493F-90F6-196B08296094}.Debug|Any CPU.Build.0 = Debug|Any CPU
		{446BD819-C507-493F-90F6-196B08296094}.Debug|Mixed Platforms.ActiveCfg = Debug|Any CPU
		{446BD819-C507-493F-90F6-196B08296094}.Debug|Mixed Platforms.Build.0 = Debug|Any CPU
		{446BD819-C507-493F-90F6-196B08296094}.Debug|x86.ActiveCfg = Debug|Any CPU
		{446BD819-C507-493F-90F6-196B08296094}.Debug|x86.Build.0 = Debug|Any CPU
		{446BD819-C507-493F-90F6-196B08296094}.EFMigrations|Any CPU.ActiveCfg = Release|Any CPU
		{446BD819-C507-493F-90F6-196B08296094}.EFMigrations|Any CPU.Build.0 = Release|Any CPU
		{446BD819-C507-493F-90F6-196B08296094}.EFMigrations|Mixed Platforms.ActiveCfg = Debug|Any CPU
		{446BD819-C507-493F-90F6-196B08296094}.EFMigrations|Mixed Platforms.Build.0 = Debug|Any CPU
		{446BD819-C507-493F-90F6-196B08296094}.EFMigrations|x86.ActiveCfg = Release|Any CPU
		{446BD819-C507-493F-90F6-196B08296094}.EFMigrations|x86.Build.0 = Release|Any CPU
		{446BD819-C507-493F-90F6-196B08296094}.PluginDev|Any CPU.ActiveCfg = Release|Any CPU
		{446BD819-C507-493F-90F6-196B08296094}.PluginDev|Any CPU.Build.0 = Release|Any CPU
		{446BD819-C507-493F-90F6-196B08296094}.PluginDev|Mixed Platforms.ActiveCfg = Release|Any CPU
		{446BD819-C507-493F-90F6-196B08296094}.PluginDev|Mixed Platforms.Build.0 = Release|Any CPU
		{446BD819-C507-493F-90F6-196B08296094}.PluginDev|x86.ActiveCfg = Release|Any CPU
		{446BD819-C507-493F-90F6-196B08296094}.PluginDev|x86.Build.0 = Release|Any CPU
		{446BD819-C507-493F-90F6-196B08296094}.Release|Any CPU.ActiveCfg = Release|Any CPU
		{446BD819-C507-493F-90F6-196B08296094}.Release|Any CPU.Build.0 = Release|Any CPU
		{446BD819-C507-493F-90F6-196B08296094}.Release|Mixed Platforms.ActiveCfg = Release|Any CPU
		{446BD819-C507-493F-90F6-196B08296094}.Release|Mixed Platforms.Build.0 = Release|Any CPU
		{446BD819-C507-493F-90F6-196B08296094}.Release|x86.ActiveCfg = Release|Any CPU
		{446BD819-C507-493F-90F6-196B08296094}.Release|x86.Build.0 = Release|Any CPU
		{059D0C98-3AC5-4866-BCEA-A7CA972FB19F}.Debug|Any CPU.ActiveCfg = Debug|Any CPU
		{059D0C98-3AC5-4866-BCEA-A7CA972FB19F}.Debug|Any CPU.Build.0 = Debug|Any CPU
		{059D0C98-3AC5-4866-BCEA-A7CA972FB19F}.Debug|Mixed Platforms.ActiveCfg = Debug|Any CPU
		{059D0C98-3AC5-4866-BCEA-A7CA972FB19F}.Debug|Mixed Platforms.Build.0 = Debug|Any CPU
		{059D0C98-3AC5-4866-BCEA-A7CA972FB19F}.Debug|x86.ActiveCfg = Debug|Any CPU
		{059D0C98-3AC5-4866-BCEA-A7CA972FB19F}.Debug|x86.Build.0 = Debug|Any CPU
		{059D0C98-3AC5-4866-BCEA-A7CA972FB19F}.EFMigrations|Any CPU.ActiveCfg = Release|Any CPU
		{059D0C98-3AC5-4866-BCEA-A7CA972FB19F}.EFMigrations|Any CPU.Build.0 = Release|Any CPU
		{059D0C98-3AC5-4866-BCEA-A7CA972FB19F}.EFMigrations|Mixed Platforms.ActiveCfg = EFMigrations|Any CPU
		{059D0C98-3AC5-4866-BCEA-A7CA972FB19F}.EFMigrations|Mixed Platforms.Build.0 = EFMigrations|Any CPU
		{059D0C98-3AC5-4866-BCEA-A7CA972FB19F}.EFMigrations|x86.ActiveCfg = Release|Any CPU
		{059D0C98-3AC5-4866-BCEA-A7CA972FB19F}.EFMigrations|x86.Build.0 = Release|Any CPU
		{059D0C98-3AC5-4866-BCEA-A7CA972FB19F}.PluginDev|Any CPU.ActiveCfg = Release|Any CPU
		{059D0C98-3AC5-4866-BCEA-A7CA972FB19F}.PluginDev|Any CPU.Build.0 = Release|Any CPU
		{059D0C98-3AC5-4866-BCEA-A7CA972FB19F}.PluginDev|Mixed Platforms.ActiveCfg = Release|Any CPU
		{059D0C98-3AC5-4866-BCEA-A7CA972FB19F}.PluginDev|Mixed Platforms.Build.0 = Release|Any CPU
		{059D0C98-3AC5-4866-BCEA-A7CA972FB19F}.PluginDev|x86.ActiveCfg = Release|Any CPU
		{059D0C98-3AC5-4866-BCEA-A7CA972FB19F}.PluginDev|x86.Build.0 = Release|Any CPU
		{059D0C98-3AC5-4866-BCEA-A7CA972FB19F}.Release|Any CPU.ActiveCfg = Release|Any CPU
		{059D0C98-3AC5-4866-BCEA-A7CA972FB19F}.Release|Any CPU.Build.0 = Release|Any CPU
		{059D0C98-3AC5-4866-BCEA-A7CA972FB19F}.Release|Mixed Platforms.ActiveCfg = Release|Any CPU
		{059D0C98-3AC5-4866-BCEA-A7CA972FB19F}.Release|Mixed Platforms.Build.0 = Release|Any CPU
		{059D0C98-3AC5-4866-BCEA-A7CA972FB19F}.Release|x86.ActiveCfg = Release|Any CPU
		{059D0C98-3AC5-4866-BCEA-A7CA972FB19F}.Release|x86.Build.0 = Release|Any CPU
		{0C0877B6-0BC0-43AB-A3EA-7F7F2BC24031}.Debug|Any CPU.ActiveCfg = Debug|Any CPU
		{0C0877B6-0BC0-43AB-A3EA-7F7F2BC24031}.Debug|Any CPU.Build.0 = Debug|Any CPU
		{0C0877B6-0BC0-43AB-A3EA-7F7F2BC24031}.Debug|Mixed Platforms.ActiveCfg = Debug|Any CPU
		{0C0877B6-0BC0-43AB-A3EA-7F7F2BC24031}.Debug|Mixed Platforms.Build.0 = Debug|Any CPU
		{0C0877B6-0BC0-43AB-A3EA-7F7F2BC24031}.Debug|x86.ActiveCfg = Debug|Any CPU
		{0C0877B6-0BC0-43AB-A3EA-7F7F2BC24031}.Debug|x86.Build.0 = Debug|Any CPU
		{0C0877B6-0BC0-43AB-A3EA-7F7F2BC24031}.EFMigrations|Any CPU.ActiveCfg = EFMigrations|Any CPU
		{0C0877B6-0BC0-43AB-A3EA-7F7F2BC24031}.EFMigrations|Any CPU.Build.0 = EFMigrations|Any CPU
		{0C0877B6-0BC0-43AB-A3EA-7F7F2BC24031}.EFMigrations|Mixed Platforms.ActiveCfg = EFMigrations|Any CPU
		{0C0877B6-0BC0-43AB-A3EA-7F7F2BC24031}.EFMigrations|Mixed Platforms.Build.0 = EFMigrations|Any CPU
		{0C0877B6-0BC0-43AB-A3EA-7F7F2BC24031}.EFMigrations|x86.ActiveCfg = EFMigrations|Any CPU
		{0C0877B6-0BC0-43AB-A3EA-7F7F2BC24031}.EFMigrations|x86.Build.0 = EFMigrations|Any CPU
		{0C0877B6-0BC0-43AB-A3EA-7F7F2BC24031}.PluginDev|Any CPU.ActiveCfg = PluginDev|Any CPU
		{0C0877B6-0BC0-43AB-A3EA-7F7F2BC24031}.PluginDev|Any CPU.Build.0 = PluginDev|Any CPU
		{0C0877B6-0BC0-43AB-A3EA-7F7F2BC24031}.PluginDev|Mixed Platforms.ActiveCfg = PluginDev|Any CPU
		{0C0877B6-0BC0-43AB-A3EA-7F7F2BC24031}.PluginDev|Mixed Platforms.Build.0 = PluginDev|Any CPU
		{0C0877B6-0BC0-43AB-A3EA-7F7F2BC24031}.PluginDev|x86.ActiveCfg = PluginDev|Any CPU
		{0C0877B6-0BC0-43AB-A3EA-7F7F2BC24031}.PluginDev|x86.Build.0 = PluginDev|Any CPU
		{0C0877B6-0BC0-43AB-A3EA-7F7F2BC24031}.Release|Any CPU.ActiveCfg = Release|Any CPU
		{0C0877B6-0BC0-43AB-A3EA-7F7F2BC24031}.Release|Any CPU.Build.0 = Release|Any CPU
		{0C0877B6-0BC0-43AB-A3EA-7F7F2BC24031}.Release|Mixed Platforms.ActiveCfg = Release|Any CPU
		{0C0877B6-0BC0-43AB-A3EA-7F7F2BC24031}.Release|Mixed Platforms.Build.0 = Release|Any CPU
		{0C0877B6-0BC0-43AB-A3EA-7F7F2BC24031}.Release|x86.ActiveCfg = Release|Any CPU
		{0C0877B6-0BC0-43AB-A3EA-7F7F2BC24031}.Release|x86.Build.0 = Release|Any CPU
	EndGlobalSection
	GlobalSection(SolutionProperties) = preSolution
		HideSolutionNode = FALSE
	EndGlobalSection
	GlobalSection(NestedProjects) = preSolution
		{7A9BDC6A-F880-43D5-9B2A-59C1674CE449} = {A340B280-C12B-47E7-90B7-89C650F8AAFC}
		{0D303E2D-0367-4F66-AC03-F1658FBBB24D} = {A340B280-C12B-47E7-90B7-89C650F8AAFC}
		{5DCBE5B1-1A02-48E7-9853-5FCEF2A36805} = {A340B280-C12B-47E7-90B7-89C650F8AAFC}
		{1D9EB579-3630-468A-BE94-49E7DF4F6E1D} = {A340B280-C12B-47E7-90B7-89C650F8AAFC}
		{57718244-1B22-4637-9DBF-F5D8E460FC95} = {A340B280-C12B-47E7-90B7-89C650F8AAFC}
		{DCC07617-E6EB-4F3C-AAFF-B15CA2B6E07F} = {DB17E553-DCB5-4851-A5AB-542C09CAC7CA}
		{CD28D50C-38C3-4371-80B3-71FE7853D61D} = {DB17E553-DCB5-4851-A5AB-542C09CAC7CA}
		{542B9C12-E2A1-49BB-9134-0E3484F9D669} = {7881B112-7843-4542-B1F7-F99553FB9BB7}
		{09FC3F83-2736-4FF5-8710-B066DEDDC2F2} = {E62FBC89-1EE8-47DE-94BD-CD5B87FB0E7D}
		{A7A8CD51-65BD-42D0-ADCB-626071E0EF58} = {13D339EE-C122-44F8-A8D9-A5C0E4F92A0F}
		{6100D3CC-4A27-4543-9DCC-293E547AE25B} = {13D339EE-C122-44F8-A8D9-A5C0E4F92A0F}
		{CBB7BF27-8346-4D95-9389-980F3C248F38} = {E62FBC89-1EE8-47DE-94BD-CD5B87FB0E7D}
		{78246559-FD79-430E-8B57-51BCA2A04E7E} = {E62FBC89-1EE8-47DE-94BD-CD5B87FB0E7D}
		{83705265-FF3C-4C87-B42C-B9F2C392D923} = {E62FBC89-1EE8-47DE-94BD-CD5B87FB0E7D}
		{446BD819-C507-493F-90F6-196B08296094} = {13D339EE-C122-44F8-A8D9-A5C0E4F92A0F}
		{059D0C98-3AC5-4866-BCEA-A7CA972FB19F} = {13D339EE-C122-44F8-A8D9-A5C0E4F92A0F}
		{0C0877B6-0BC0-43AB-A3EA-7F7F2BC24031} = {7881B112-7843-4542-B1F7-F99553FB9BB7}
	EndGlobalSection
	GlobalSection(ExtensibilityGlobals) = postSolution
		SolutionGuid = {44C765C7-8842-41F8-B8FC-56C2D22578BE}
	EndGlobalSection
	GlobalSection(NDepend) = preSolution
		Project = ".\SmartStoreNET.ndproj"
	EndGlobalSection
EndGlobal
